// !$*UTF8*$!
{
	archiveVersion = 1;
	classes = {
	};
	objectVersion = 77;
	objects = {

/* Begin PBXBuildFile section */
		B00000000000000000000001 /* iosRemoteFolderApp.swift in Sources */ = {isa = PBXBuildFile; fileRef = C00000000000000000000001 /* iosRemoteFolderApp.swift */; };
		B00000000000000000000002 /* AppModel.swift in Sources */ = {isa = PBXBuildFile; fileRef = C00000000000000000000002 /* AppModel.swift */; };
		B00000000000000000000003 /* RootView.swift in Sources */ = {isa = PBXBuildFile; fileRef = C00000000000000000000003 /* RootView.swift */; };
		B00000000000000000000004 /* HomeView.swift in Sources */ = {isa = PBXBuildFile; fileRef = C00000000000000000000004 /* HomeView.swift */; };
		B00000000000000000000005 /* BrowseView.swift in Sources */ = {isa = PBXBuildFile; fileRef = C00000000000000000000005 /* BrowseView.swift */; };
		B00000000000000000000006 /* SourcesView.swift in Sources */ = {isa = PBXBuildFile; fileRef = C00000000000000000000006 /* SourcesView.swift */; };
		B00000000000000000000007 /* OfflineView.swift in Sources */ = {isa = PBXBuildFile; fileRef = C00000000000000000000007 /* OfflineView.swift */; };
		B00000000000000000000008 /* ResourceModels.swift in Sources */ = {isa = PBXBuildFile; fileRef = C00000000000000000000008 /* ResourceModels.swift */; };
		B00000000000000000000009 /* SampleData.swift in Sources */ = {isa = PBXBuildFile; fileRef = C00000000000000000000009 /* SampleData.swift */; };
		B00000000000000000000010 /* ResourceSourceAdapter.swift in Sources */ = {isa = PBXBuildFile; fileRef = C00000000000000000000010 /* ResourceSourceAdapter.swift */; };
		B00000000000000000000011 /* ResourceIndexStore.swift in Sources */ = {isa = PBXBuildFile; fileRef = C00000000000000000000011 /* ResourceIndexStore.swift */; };
		B00000000000000000000012 /* CacheCoordinator.swift in Sources */ = {isa = PBXBuildFile; fileRef = C00000000000000000000012 /* CacheCoordinator.swift */; };
		B00000000000000000000013 /* PlayerEngine.swift in Sources */ = {isa = PBXBuildFile; fileRef = C00000000000000000000013 /* PlayerEngine.swift */; };
		B00000000000000000000014 /* ViewerRegistry.swift in Sources */ = {isa = PBXBuildFile; fileRef = C00000000000000000000014 /* ViewerRegistry.swift */; };
		B00000000000000000000015 /* ViewerHost.swift in Sources */ = {isa = PBXBuildFile; fileRef = C00000000000000000000015 /* ViewerHost.swift */; };
		B00000000000000000000016 /* AppTheme.swift in Sources */ = {isa = PBXBuildFile; fileRef = C00000000000000000000016 /* AppTheme.swift */; };
		B00000000000000000000017 /* ResourceCardView.swift in Sources */ = {isa = PBXBuildFile; fileRef = C00000000000000000000017 /* ResourceCardView.swift */; };
		B00000000000000000000018 /* ResourceRowView.swift in Sources */ = {isa = PBXBuildFile; fileRef = C00000000000000000000018 /* ResourceRowView.swift */; };
		B00000000000000000000019 /* SourceRowView.swift in Sources */ = {isa = PBXBuildFile; fileRef = C00000000000000000000019 /* SourceRowView.swift */; };
		B00000000000000000000026 /* ResourceMetadataFormatter.swift in Sources */ = {isa = PBXBuildFile; fileRef = C00000000000000000000026 /* ResourceMetadataFormatter.swift */; };
		B00000000000000000000020 /* ResourceReference.swift in Sources */ = {isa = PBXBuildFile; fileRef = C00000000000000000000020 /* ResourceReference.swift */; };
		B00000000000000000000021 /* ResourceSourceState.swift in Sources */ = {isa = PBXBuildFile; fileRef = C00000000000000000000021 /* ResourceSourceState.swift */; };
		B00000000000000000000022 /* LocalFilesSourceAdapter.swift in Sources */ = {isa = PBXBuildFile; fileRef = C00000000000000000000022 /* LocalFilesSourceAdapter.swift */; };
		B00000000000000000000023 /* HTTPSourceAdapter.swift in Sources */ = {isa = PBXBuildFile; fileRef = C00000000000000000000023 /* HTTPSourceAdapter.swift */; };
		B00000000000000000000024 /* SourcesStore.swift in Sources */ = {isa = PBXBuildFile; fileRef = C00000000000000000000024 /* SourcesStore.swift */; };
		B00000000000000000000025 /* ResourcePath.swift in Sources */ = {isa = PBXBuildFile; fileRef = C00000000000000000000025 /* ResourcePath.swift */; };
		B00000000000000000000030 /* MockURLProtocol.swift in Sources */ = {isa = PBXBuildFile; fileRef = C00000000000000000000030 /* MockURLProtocol.swift */; };
		B00000000000000000000031 /* ResourceReferenceTests.swift in Sources */ = {isa = PBXBuildFile; fileRef = C00000000000000000000031 /* ResourceReferenceTests.swift */; };
		B00000000000000000000032 /* LocalFilesSourceAdapterTests.swift in Sources */ = {isa = PBXBuildFile; fileRef = C00000000000000000000032 /* LocalFilesSourceAdapterTests.swift */; };
		B00000000000000000000033 /* HTTPSourceAdapterTests.swift in Sources */ = {isa = PBXBuildFile; fileRef = C00000000000000000000033 /* HTTPSourceAdapterTests.swift */; };
		B00000000000000000000034 /* SourcesStoreTests.swift in Sources */ = {isa = PBXBuildFile; fileRef = C00000000000000000000034 /* SourcesStoreTests.swift */; };
/* End PBXBuildFile section */

/* Begin PBXContainerItemProxy section */
		E00000000000000000000020 /* PBXContainerItemProxy */ = {
			isa = PBXContainerItemProxy;
			containerPortal = F00000000000000000000002 /* Project object */;
			proxyType = 1;
			remoteGlobalIDString = F00000000000000000000001;
			remoteInfo = iosRemoteFolder;
		};
/* End PBXContainerItemProxy section */

/* Begin PBXFileReference section */
		C00000000000000000000001 /* iosRemoteFolderApp.swift */ = {isa = PBXFileReference; lastKnownFileType = sourcecode.swift; path = iosRemoteFolderApp.swift; sourceTree = "<group>"; };
		C00000000000000000000002 /* AppModel.swift */ = {isa = PBXFileReference; lastKnownFileType = sourcecode.swift; path = AppModel.swift; sourceTree = "<group>"; };
		C00000000000000000000003 /* RootView.swift */ = {isa = PBXFileReference; lastKnownFileType = sourcecode.swift; path = RootView.swift; sourceTree = "<group>"; };
		C00000000000000000000004 /* HomeView.swift */ = {isa = PBXFileReference; lastKnownFileType = sourcecode.swift; path = HomeView.swift; sourceTree = "<group>"; };
		C00000000000000000000005 /* BrowseView.swift */ = {isa = PBXFileReference; lastKnownFileType = sourcecode.swift; path = BrowseView.swift; sourceTree = "<group>"; };
		C00000000000000000000006 /* SourcesView.swift */ = {isa = PBXFileReference; lastKnownFileType = sourcecode.swift; path = SourcesView.swift; sourceTree = "<group>"; };
		C00000000000000000000007 /* OfflineView.swift */ = {isa = PBXFileReference; lastKnownFileType = sourcecode.swift; path = OfflineView.swift; sourceTree = "<group>"; };
		C00000000000000000000008 /* ResourceModels.swift */ = {isa = PBXFileReference; lastKnownFileType = sourcecode.swift; path = ResourceModels.swift; sourceTree = "<group>"; };
		C00000000000000000000009 /* SampleData.swift */ = {isa = PBXFileReference; lastKnownFileType = sourcecode.swift; path = SampleData.swift; sourceTree = "<group>"; };
		C00000000000000000000010 /* ResourceSourceAdapter.swift */ = {isa = PBXFileReference; lastKnownFileType = sourcecode.swift; path = ResourceSourceAdapter.swift; sourceTree = "<group>"; };
		C00000000000000000000011 /* ResourceIndexStore.swift */ = {isa = PBXFileReference; lastKnownFileType = sourcecode.swift; path = ResourceIndexStore.swift; sourceTree = "<group>"; };
		C00000000000000000000012 /* CacheCoordinator.swift */ = {isa = PBXFileReference; lastKnownFileType = sourcecode.swift; path = CacheCoordinator.swift; sourceTree = "<group>"; };
		C00000000000000000000013 /* PlayerEngine.swift */ = {isa = PBXFileReference; lastKnownFileType = sourcecode.swift; path = PlayerEngine.swift; sourceTree = "<group>"; };
		C00000000000000000000014 /* ViewerRegistry.swift */ = {isa = PBXFileReference; lastKnownFileType = sourcecode.swift; path = ViewerRegistry.swift; sourceTree = "<group>"; };
		C00000000000000000000015 /* ViewerHost.swift */ = {isa = PBXFileReference; lastKnownFileType = sourcecode.swift; path = ViewerHost.swift; sourceTree = "<group>"; };
		C00000000000000000000016 /* AppTheme.swift */ = {isa = PBXFileReference; lastKnownFileType = sourcecode.swift; path = AppTheme.swift; sourceTree = "<group>"; };
		C00000000000000000000017 /* ResourceCardView.swift */ = {isa = PBXFileReference; lastKnownFileType = sourcecode.swift; path = ResourceCardView.swift; sourceTree = "<group>"; };
		C00000000000000000000018 /* ResourceRowView.swift */ = {isa = PBXFileReference; lastKnownFileType = sourcecode.swift; path = ResourceRowView.swift; sourceTree = "<group>"; };
		C00000000000000000000019 /* SourceRowView.swift */ = {isa = PBXFileReference; lastKnownFileType = sourcecode.swift; path = SourceRowView.swift; sourceTree = "<group>"; };
		C00000000000000000000020 /* ResourceReference.swift */ = {isa = PBXFileReference; lastKnownFileType = sourcecode.swift; path = ResourceReference.swift; sourceTree = "<group>"; };
		C00000000000000000000021 /* ResourceSourceState.swift */ = {isa = PBXFileReference; lastKnownFileType = sourcecode.swift; path = ResourceSourceState.swift; sourceTree = "<group>"; };
		C00000000000000000000022 /* LocalFilesSourceAdapter.swift */ = {isa = PBXFileReference; lastKnownFileType = sourcecode.swift; path = LocalFilesSourceAdapter.swift; sourceTree = "<group>"; };
		C00000000000000000000023 /* HTTPSourceAdapter.swift */ = {isa = PBXFileReference; lastKnownFileType = sourcecode.swift; path = HTTPSourceAdapter.swift; sourceTree = "<group>"; };
		C00000000000000000000024 /* SourcesStore.swift */ = {isa = PBXFileReference; lastKnownFileType = sourcecode.swift; path = SourcesStore.swift; sourceTree = "<group>"; };
		C00000000000000000000025 /* ResourcePath.swift */ = {isa = PBXFileReference; lastKnownFileType = sourcecode.swift; path = ResourcePath.swift; sourceTree = "<group>"; };
		C00000000000000000000026 /* ResourceMetadataFormatter.swift */ = {isa = PBXFileReference; lastKnownFileType = sourcecode.swift; path = ResourceMetadataFormatter.swift; sourceTree = "<group>"; };
		C00000000000000000000030 /* MockURLProtocol.swift */ = {isa = PBXFileReference; lastKnownFileType = sourcecode.swift; path = MockURLProtocol.swift; sourceTree = "<group>"; };
		C00000000000000000000031 /* ResourceReferenceTests.swift */ = {isa = PBXFileReference; lastKnownFileType = sourcecode.swift; path = ResourceReferenceTests.swift; sourceTree = "<group>"; };
		C00000000000000000000032 /* LocalFilesSourceAdapterTests.swift */ = {isa = PBXFileReference; lastKnownFileType = sourcecode.swift; path = LocalFilesSourceAdapterTests.swift; sourceTree = "<group>"; };
		C00000000000000000000033 /* HTTPSourceAdapterTests.swift */ = {isa = PBXFileReference; lastKnownFileType = sourcecode.swift; path = HTTPSourceAdapterTests.swift; sourceTree = "<group>"; };
		C00000000000000000000034 /* SourcesStoreTests.swift */ = {isa = PBXFileReference; lastKnownFileType = sourcecode.swift; path = SourcesStoreTests.swift; sourceTree = "<group>"; };
		D00000000000000000000001 /* iosRemoteFolder.app */ = {isa = PBXFileReference; explicitFileType = wrapper.application; includeInIndex = 0; path = iosRemoteFolder.app; sourceTree = BUILT_PRODUCTS_DIR; };
		D00000000000000000000002 /* iosRemoteFolderTests.xctest */ = {isa = PBXFileReference; explicitFileType = "compiled.mach-o.wrapper.cfbundle"; includeInIndex = 0; path = iosRemoteFolderTests.xctest; sourceTree = BUILT_PRODUCTS_DIR; };
/* End PBXFileReference section */

/* Begin PBXFrameworksBuildPhase section */
		E00000000000000000000001 /* Frameworks */ = {
			isa = PBXFrameworksBuildPhase;
			buildActionMask = 2147483647;
			files = (
			);
			runOnlyForDeploymentPostprocessing = 0;
		};
		E00000000000000000000011 /* Frameworks */ = {
			isa = PBXFrameworksBuildPhase;
			buildActionMask = 2147483647;
			files = (
			);
			runOnlyForDeploymentPostprocessing = 0;
		};
/* End PBXFrameworksBuildPhase section */

/* Begin PBXGroup section */
		A00000000000000000000001 = {
			isa = PBXGroup;
			children = (
				A00000000000000000000002 /* iosRemoteFolder */,
				A00000000000000000000018 /* iosRemoteFolderTests */,
				A00000000000000000000003 /* Products */,
			);
			sourceTree = "<group>";
		};
		A00000000000000000000002 /* iosRemoteFolder */ = {
			isa = PBXGroup;
			children = (
				A00000000000000000000010 /* App */,
				A00000000000000000000011 /* Domain */,
				A00000000000000000000012 /* Sources */,
				A00000000000000000000013 /* Indexing */,
				A00000000000000000000014 /* Cache */,
				A00000000000000000000015 /* Playback */,
				A00000000000000000000016 /* Viewers */,
				A00000000000000000000017 /* UI */,
			);
			path = iosRemoteFolder;
			sourceTree = "<group>";
		};
		A00000000000000000000003 /* Products */ = {
			isa = PBXGroup;
			children = (
				D00000000000000000000001 /* iosRemoteFolder.app */,
				D00000000000000000000002 /* iosRemoteFolderTests.xctest */,
			);
			name = Products;
			sourceTree = "<group>";
		};
		A00000000000000000000010 /* App */ = {isa = PBXGroup; children = (C00000000000000000000001, C00000000000000000000002, C00000000000000000000003, C00000000000000000000004, C00000000000000000000005, C00000000000000000000006, C00000000000000000000007, ); path = App; sourceTree = "<group>"; };
		A00000000000000000000011 /* Domain */ = {isa = PBXGroup; children = (C00000000000000000000008, C00000000000000000000009, C00000000000000000000020, C00000000000000000000021, C00000000000000000000025, ); path = Domain; sourceTree = "<group>"; };
		A00000000000000000000012 /* Sources */ = {isa = PBXGroup; children = (C00000000000000000000010, C00000000000000000000022, C00000000000000000000023, C00000000000000000000024, ); path = Sources; sourceTree = "<group>"; };
		A00000000000000000000013 /* Indexing */ = {isa = PBXGroup; children = (C00000000000000000000011, ); path = Indexing; sourceTree = "<group>"; };
		A00000000000000000000014 /* Cache */ = {isa = PBXGroup; children = (C00000000000000000000012, ); path = Cache; sourceTree = "<group>"; };
		A00000000000000000000015 /* Playback */ = {isa = PBXGroup; children = (C00000000000000000000013, ); path = Playback; sourceTree = "<group>"; };
		A00000000000000000000016 /* Viewers */ = {isa = PBXGroup; children = (C00000000000000000000014, C00000000000000000000015, ); path = Viewers; sourceTree = "<group>"; };
		A00000000000000000000017 /* UI */ = {isa = PBXGroup; children = (C00000000000000000000016, C00000000000000000000017, C00000000000000000000018, C00000000000000000000019, C00000000000000000000026, ); path = UI; sourceTree = "<group>"; };
		A00000000000000000000018 /* iosRemoteFolderTests */ = {
			isa = PBXGroup;
			children = (
				C00000000000000000000030 /* MockURLProtocol.swift */,
				C00000000000000000000031 /* ResourceReferenceTests.swift */,
				C00000000000000000000032 /* LocalFilesSourceAdapterTests.swift */,
				C00000000000000000000033 /* HTTPSourceAdapterTests.swift */,
				C00000000000000000000034 /* SourcesStoreTests.swift */,
			);
			path = iosRemoteFolderTests;
			sourceTree = "<group>";
		};
/* End PBXGroup section */

/* Begin PBXNativeTarget section */
		F00000000000000000000001 /* iosRemoteFolder */ = {
			isa = PBXNativeTarget;
			buildConfigurationList = F00000000000000000000003 /* Build configuration list for PBXNativeTarget "iosRemoteFolder" */;
			buildPhases = (
				E00000000000000000000002 /* Sources */,
				E00000000000000000000001 /* Frameworks */,
				E00000000000000000000003 /* Resources */,
			);
			buildRules = (
			);
			dependencies = (
			);
			name = iosRemoteFolder;
			productName = iosRemoteFolder;
			productReference = D00000000000000000000001 /* iosRemoteFolder.app */;
			productType = "com.apple.product-type.application";
		};
		F00000000000000000000005 /* iosRemoteFolderTests */ = {
			isa = PBXNativeTarget;
			buildConfigurationList = F00000000000000000000006 /* Build configuration list for PBXNativeTarget "iosRemoteFolderTests" */;
			buildPhases = (
				E00000000000000000000010 /* Sources */,
				E00000000000000000000011 /* Frameworks */,
				E00000000000000000000012 /* Resources */,
			);
			buildRules = (
			);
			dependencies = (
				E00000000000000000000021 /* PBXTargetDependency */,
			);
			name = iosRemoteFolderTests;
			productName = iosRemoteFolderTests;
			productReference = D00000000000000000000002 /* iosRemoteFolderTests.xctest */;
			productType = "com.apple.product-type.bundle.unit-test";
		};
/* End PBXNativeTarget section */

/* Begin PBXProject section */
		F00000000000000000000002 /* Project object */ = {
			isa = PBXProject;
			attributes = {
				LastUpgradeCheck = 2660;
				TargetAttributes = {
					F00000000000000000000001 = {
						CreatedOnToolsVersion = 26.0;
					};
					F00000000000000000000005 = {
						CreatedOnToolsVersion = 26.0;
						TestTargetID = F00000000000000000000001;
					};
				};
			};
			buildConfigurationList = F00000000000000000000004 /* Build configuration list for PBXProject "iosRemoteFolder" */;
			compatibilityVersion = "Xcode 3.2";
			developmentRegion = en;
			hasScannedForEncodings = 0;
			knownRegions = (
				en,
				Base,
			);
			mainGroup = A00000000000000000000001;
			productRefGroup = A00000000000000000000003 /* Products */;
			projectDirPath = "";
			projectRoot = "";
			targets = (
				F00000000000000000000001 /* iosRemoteFolder */,
				F00000000000000000000005 /* iosRemoteFolderTests */,
			);
		};
/* End PBXProject section */

/* Begin PBXResourcesBuildPhase section */
		E00000000000000000000003 /* Resources */ = {
			isa = PBXResourcesBuildPhase;
			buildActionMask = 2147483647;
			files = (
			);
			runOnlyForDeploymentPostprocessing = 0;
		};
		E00000000000000000000012 /* Resources */ = {
			isa = PBXResourcesBuildPhase;
			buildActionMask = 2147483647;
			files = (
			);
			runOnlyForDeploymentPostprocessing = 0;
		};
/* End PBXResourcesBuildPhase section */

/* Begin PBXSourcesBuildPhase section */
		E00000000000000000000002 /* Sources */ = {
			isa = PBXSourcesBuildPhase;
			buildActionMask = 2147483647;
			files = (
				B00000000000000000000001 /* iosRemoteFolderApp.swift in Sources */,
				B00000000000000000000002 /* AppModel.swift in Sources */,
				B00000000000000000000003 /* RootView.swift in Sources */,
				B00000000000000000000004 /* HomeView.swift in Sources */,
				B00000000000000000000005 /* BrowseView.swift in Sources */,
				B00000000000000000000006 /* SourcesView.swift in Sources */,
				B00000000000000000000007 /* OfflineView.swift in Sources */,
				B00000000000000000000008 /* ResourceModels.swift in Sources */,
				B00000000000000000000009 /* SampleData.swift in Sources */,
				B00000000000000000000010 /* ResourceSourceAdapter.swift in Sources */,
				B00000000000000000000011 /* ResourceIndexStore.swift in Sources */,
				B00000000000000000000012 /* CacheCoordinator.swift in Sources */,
				B00000000000000000000013 /* PlayerEngine.swift in Sources */,
				B00000000000000000000014 /* ViewerRegistry.swift in Sources */,
				B00000000000000000000015 /* ViewerHost.swift in Sources */,
				B00000000000000000000016 /* AppTheme.swift in Sources */,
				B00000000000000000000017 /* ResourceCardView.swift in Sources */,
				B00000000000000000000018 /* ResourceRowView.swift in Sources */,
				B00000000000000000000019 /* SourceRowView.swift in Sources */,
				B00000000000000000000020 /* ResourceReference.swift in Sources */,
				B00000000000000000000021 /* ResourceSourceState.swift in Sources */,
				B00000000000000000000022 /* LocalFilesSourceAdapter.swift in Sources */,
				B00000000000000000000023 /* HTTPSourceAdapter.swift in Sources */,
				B00000000000000000000024 /* SourcesStore.swift in Sources */,
				B00000000000000000000025 /* ResourcePath.swift in Sources */,
				B00000000000000000000026 /* ResourceMetadataFormatter.swift in Sources */,
			);
			runOnlyForDeploymentPostprocessing = 0;
		};
		E00000000000000000000010 /* Sources */ = {
			isa = PBXSourcesBuildPhase;
			buildActionMask = 2147483647;
			files = (
				B00000000000000000000030 /* MockURLProtocol.swift in Sources */,
				B00000000000000000000031 /* ResourceReferenceTests.swift in Sources */,
				B00000000000000000000032 /* LocalFilesSourceAdapterTests.swift in Sources */,
				B00000000000000000000033 /* HTTPSourceAdapterTests.swift in Sources */,
				B00000000000000000000034 /* SourcesStoreTests.swift in Sources */,
			);
			runOnlyForDeploymentPostprocessing = 0;
		};
/* End PBXSourcesBuildPhase section */

/* Begin PBXTargetDependency section */
		E00000000000000000000021 /* PBXTargetDependency */ = {
			isa = PBXTargetDependency;
			target = F00000000000000000000001 /* iosRemoteFolder */;
			targetProxy = E00000000000000000000020 /* PBXContainerItemProxy */;
		};
/* End PBXTargetDependency section */

/* Begin XCBuildConfiguration section */
		F10000000000000000000001 /* Debug */ = {
			isa = XCBuildConfiguration;
			buildSettings = {
				ALWAYS_SEARCH_USER_PATHS = NO;
				ASSETCATALOG_COMPILER_GENERATE_SWIFT_ASSET_SYMBOL_EXTENSIONS = YES;
				CLANG_ENABLE_MODULES = YES;
				CODE_SIGN_STYLE = Automatic;
				CURRENT_PROJECT_VERSION = 1;
				DEBUG_INFORMATION_FORMAT = dwarf;
				DEVELOPMENT_TEAM = "";
				ENABLE_PREVIEWS = YES;
				ENABLE_TESTABILITY = YES;
				GENERATE_INFOPLIST_FILE = YES;
				INFOPLIST_KEY_CFBundleDisplayName = "资源台";
				INFOPLIST_KEY_UIApplicationSceneManifest_Generation = YES;
				INFOPLIST_KEY_UILaunchScreen_Generation = YES;
				IPHONEOS_DEPLOYMENT_TARGET = 17.0;
				LD_RUNPATH_SEARCH_PATHS = ("$(inherited)", "@executable_path/Frameworks");
				MARKETING_VERSION = 0.1.0;
				PRODUCT_BUNDLE_IDENTIFIER = com.zzf857.iosRemoteFolder;
				PRODUCT_NAME = "$(TARGET_NAME)";
				SDKROOT = iphoneos;
				SWIFT_OPTIMIZATION_LEVEL = "-Onone";
				SWIFT_VERSION = 6.0;
				TARGETED_DEVICE_FAMILY = "1,2";
			};
			name = Debug;
		};
		F10000000000000000000002 /* Release */ = {
			isa = XCBuildConfiguration;
			buildSettings = {
				ALWAYS_SEARCH_USER_PATHS = NO;
				ASSETCATALOG_COMPILER_GENERATE_SWIFT_ASSET_SYMBOL_EXTENSIONS = YES;
				CLANG_ENABLE_MODULES = YES;
				CODE_SIGN_STYLE = Automatic;
				CURRENT_PROJECT_VERSION = 1;
				DEBUG_INFORMATION_FORMAT = "dwarf-with-dsym";
				DEVELOPMENT_TEAM = "";
				ENABLE_PREVIEWS = YES;
				GENERATE_INFOPLIST_FILE = YES;
				INFOPLIST_KEY_CFBundleDisplayName = "资源台";
				INFOPLIST_KEY_UIApplicationSceneManifest_Generation = YES;
				INFOPLIST_KEY_UILaunchScreen_Generation = YES;
				IPHONEOS_DEPLOYMENT_TARGET = 17.0;
				LD_RUNPATH_SEARCH_PATHS = ("$(inherited)", "@executable_path/Frameworks");
				MARKETING_VERSION = 0.1.0;
				PRODUCT_BUNDLE_IDENTIFIER = com.zzf857.iosRemoteFolder;
				PRODUCT_NAME = "$(TARGET_NAME)";
				SDKROOT = iphoneos;
				SWIFT_OPTIMIZATION_LEVEL = "-O";
				SWIFT_VERSION = 6.0;
				TARGETED_DEVICE_FAMILY = "1,2";
			};
			name = Release;
		};
		F10000000000000000000005 /* Debug */ = {
			isa = XCBuildConfiguration;
			buildSettings = {
				BUNDLE_LOADER = "$(TEST_HOST)";
				CODE_SIGN_STYLE = Automatic;
				CURRENT_PROJECT_VERSION = 1;
				DEBUG_INFORMATION_FORMAT = dwarf;
				DEVELOPMENT_TEAM = "";
				GENERATE_INFOPLIST_FILE = YES;
				IPHONEOS_DEPLOYMENT_TARGET = 17.0;
				MARKETING_VERSION = 0.1.0;
				PRODUCT_BUNDLE_IDENTIFIER = com.zzf857.iosRemoteFolderTests;
				PRODUCT_NAME = "$(TARGET_NAME)";
				SDKROOT = iphoneos;
				SWIFT_OPTIMIZATION_LEVEL = "-Onone";
				SWIFT_VERSION = 6.0;
				TARGETED_DEVICE_FAMILY = "1,2";
				TEST_HOST = "$(BUILT_PRODUCTS_DIR)/iosRemoteFolder.app/iosRemoteFolder";
			};
			name = Debug;
		};
		F10000000000000000000006 /* Release */ = {
			isa = XCBuildConfiguration;
			buildSettings = {
				BUNDLE_LOADER = "$(TEST_HOST)";
				CODE_SIGN_STYLE = Automatic;
				CURRENT_PROJECT_VERSION = 1;
				DEBUG_INFORMATION_FORMAT = "dwarf-with-dsym";
				DEVELOPMENT_TEAM = "";
				GENERATE_INFOPLIST_FILE = YES;
				IPHONEOS_DEPLOYMENT_TARGET = 17.0;
				MARKETING_VERSION = 0.1.0;
				PRODUCT_BUNDLE_IDENTIFIER = com.zzf857.iosRemoteFolderTests;
				PRODUCT_NAME = "$(TARGET_NAME)";
				SDKROOT = iphoneos;
				SWIFT_OPTIMIZATION_LEVEL = "-O";
				SWIFT_VERSION = 6.0;
				TARGETED_DEVICE_FAMILY = "1,2";
				TEST_HOST = "$(BUILT_PRODUCTS_DIR)/iosRemoteFolder.app/iosRemoteFolder";
			};
			name = Release;
		};
		F10000000000000000000003 /* Project Debug */ = {
			isa = XCBuildConfiguration;
			buildSettings = {
				CLANG_CXX_LANGUAGE_STANDARD = "gnu++20";
				CLANG_ENABLE_OBJC_ARC = YES;
				CLANG_WARN_DOCUMENTATION_COMMENTS = YES;
				CLANG_WARN_UNGUARDED_AVAILABILITY = YES_AGAIN;
				GCC_C_LANGUAGE_STANDARD = gnu17;
				SWIFT_EMIT_LOC_STRINGS = YES;
			};
			name = Debug;
		};
		F10000000000000000000004 /* Project Release */ = {
			isa = XCBuildConfiguration;
			buildSettings = {
				CLANG_CXX_LANGUAGE_STANDARD = "gnu++20";
				CLANG_ENABLE_OBJC_ARC = YES;
				CLANG_WARN_DOCUMENTATION_COMMENTS = YES;
				CLANG_WARN_UNGUARDED_AVAILABILITY = YES_AGAIN;
				GCC_C_LANGUAGE_STANDARD = gnu17;
				SWIFT_EMIT_LOC_STRINGS = YES;
			};
			name = Release;
		};
/* End XCBuildConfiguration section */

/* Begin XCConfigurationList section */
		F00000000000000000000003 /* Build configuration list for PBXNativeTarget "iosRemoteFolder" */ = {
			isa = XCConfigurationList;
			buildConfigurations = (
				F10000000000000000000001 /* Debug */,
				F10000000000000000000002 /* Release */,
			);
			defaultConfigurationIsVisible = 0;
			defaultConfigurationName = Release;
		};
		F00000000000000000000006 /* Build configuration list for PBXNativeTarget "iosRemoteFolderTests" */ = {
			isa = XCConfigurationList;
			buildConfigurations = (
				F10000000000000000000005 /* Debug */,
				F10000000000000000000006 /* Release */,
			);
			defaultConfigurationIsVisible = 0;
			defaultConfigurationName = Release;
		};
		F00000000000000000000004 /* Build configuration list for PBXProject "iosRemoteFolder" */ = {
			isa = XCConfigurationList;
			buildConfigurations = (
				F10000000000000000000003 /* Project Debug */,
				F10000000000000000000004 /* Project Release */,
			);
			defaultConfigurationIsVisible = 0;
			defaultConfigurationName = Release;
		};
/* End XCConfigurationList section */
	};
	rootObject = F00000000000000000000002 /* Project object */;
}
